NeoBundleLock VimClojure 2a17c249571395a7f45523d38cac6a9326ecf8f1
NeoBundleLock dbext.vim be1f55f5520aae4b1c2cab941d84e8f57548e8da
NeoBundleLock gundo.vim 3975ac871565115e3769dc69c06bc88ddc1369af
NeoBundleLock html5.vim 9bfa00bdb3fdca07c490b527e5e6ec6c4b017d3b
NeoBundleLock neobundle.vim da586948ea027442d6c1b724e3b8c0937e224454
NeoBundleLock neocomplcache 778181767467b8f8016828898779a646074d883a
NeoBundleLock neosnippet d7145056c4b3b8177159a085cffbe54c18a7d248
NeoBundleLock nerdtree 3b98a7fcae8f9fff356907171f0406ff8cd28921
NeoBundleLock open-browser.vim a3d9bba498c610a2bb1029fd51a3ac3b6b144147
NeoBundleLock perldoc-vim 3cdeb2f18bdc28ad7704dae9d3175efccdfbd026
NeoBundleLock powerline 034b7d529d5d1f0b7f7a6b668cf467a8508e7a7d
NeoBundleLock rails.vim 616eb6892c7fa30f1862803bf6109deb0d4e7507
NeoBundleLock ruby-matchit c4d8079287fc8d804d2a92bcb66964d673666540
NeoBundleLock syntastic 9af644dace47bb6692dd7364eb066e50c5f710b9
NeoBundleLock tcomment_vim 7f2adfeb702210cae8e8aa8471bfb2b777d2c3b3
NeoBundleLock unite-rails e173c8ec28c18744a0b778ef78b600ce8759914f
NeoBundleLock unite-rake 8050686ff413450d6b70bcff75781e9814c64420
NeoBundleLock unite.vim 5f5f3b01036e9386b49e478e73d6acc3df65d3e9
NeoBundleLock vim-browsereload-mac b73cc98c18c28869ed99562f6a3c142cb2906029
NeoBundleLock vim-coffee-script 32fe889b8cafd3a4921ef8e6485156453ff58c42
NeoBundleLock vim-css3-syntax 8feb345b5ce73a6f053609bdaa6de0e53c21bfbd
NeoBundleLock vim-endwise bba43b831ae0485cf9b86d16340a6a314b927391
NeoBundleLock vim-perl 4e75c3e3766da7294061f9bef6949e89087f821f
NeoBundleLock vim-quickrun 72e2bd74f6a541ddee856eaafb655825789d91fa
NeoBundleLock vim-rails 3341728c4ec8be2b9c16f0e4d54005da771c8902
NeoBundleLock vim-ref 63cef8fe51e597f0b0475b654961cef01feabd93
NeoBundleLock vim-slime 457ce9b366ceb1be1885e73e79ebbe8c1a2511ef
NeoBundleLock vimfiler e65aaf9498fb52ba248027fc55f379bb030532a0
NeoBundleLock vimproc 0f68bcd93399ecbcde3eaa4efd09107314c9bdee
NeoBundleLock vimshell 41d3ad325852e80588ab57c64433fa338789d6ac
NeoBundleLock webapi-vim a7789abffe936db56e3152e23733847f94755753
NeoBundleLock zencoding-vim e742a1f767ebe363a8f0ff160938016713cd07ba
